
Microsoft Visual Studio Solution File, Format Version 12.00
# Visual Studio Version 17
VisualStudioVersion = 17.0.31903.59
MinimumVisualStudioVersion = 10.0.40219.1
Project("{FAE04EC0-301F-11D3-BF4B-00C04F79EFBC}") = "RoboCopyGUI", "RoboCopyGUI.csproj", "{5125DC61-BB1F-4654-B828-B9C52E668DF8}"
EndProject
Project("{FAE04EC0-301F-11D3-BF4B-00C04F79EFBC}") = "RoboCopyGUI.Tests", "RoboCopyGUI.Tests\RoboCopyGUI.Tests.csproj", "{C8C612EE-0D6D-4C5C-9C94-F673271FBFA9}"
EndProject
Global
	GlobalSection(SolutionConfigurationPlatforms) = preSolution
		Debug|Any CPU = Debug|Any CPU
		Release|Any CPU = Release|Any CPU
	EndGlobalSection
	GlobalSection(SolutionProperties) = preSolution
		HideSolutionNode = FALSE
	EndGlobalSection
	GlobalSection(ProjectConfigurationPlatforms) = postSolution
		{5125DC61-BB1F-4654-B828-B9C52E668DF8}.Debug|Any CPU.ActiveCfg = Debug|Any CPU
		{5125DC61-BB1F-4654-B828-B9C52E668DF8}.Debug|Any CPU.Build.0 = Debug|Any CPU
		{5125DC61-BB1F-4654-B828-B9C52E668DF8}.Release|Any CPU.ActiveCfg = Release|Any CPU
		{5125DC61-BB1F-4654-B828-B9C52E668DF8}.Release|Any CPU.Build.0 = Release|Any CPU
		{C8C612EE-0D6D-4C5C-9C94-F673271FBFA9}.Debug|Any CPU.ActiveCfg = Debug|Any CPU
		{C8C612EE-0D6D-4C5C-9C94-F673271FBFA9}.Debug|Any CPU.Build.0 = Debug|Any CPU
		{C8C612EE-0D6D-4C5C-9C94-F673271FBFA9}.Release|Any CPU.ActiveCfg = Release|Any CPU
		{C8C612EE-0D6D-4C5C-9C94-F673271FBFA9}.Release|Any CPU.Build.0 = Release|Any CPU
	EndGlobalSection
EndGlobal
